// !$*UTF8*$!
{
	archiveVersion = 1;
	classes = {
	};
	objectVersion = 46;
	objects = {

/* Begin PBXBuildFile section */
		AAD8D8D91BAB44F600218CC9 /* main.m in Sources */ = {isa = PBXBuildFile; fileRef = AAD8D8D81BAB44F600218CC9 /* main.m */; };
		AAD8D8DC1BAB44F600218CC9 /* AppDelegate.m in Sources */ = {isa = PBXBuildFile; fileRef = AAD8D8DB1BAB44F600218CC9 /* AppDelegate.m */; };
		AAD8D8DF1BAB44F600218CC9 /* ViewController.m in Sources */ = {isa = PBXBuildFile; fileRef = AAD8D8DE1BAB44F600218CC9 /* ViewController.m */; };
		AAD8D8E21BAB44F600218CC9 /* Main.storyboard in Resources */ = {isa = PBXBuildFile; fileRef = AAD8D8E01BAB44F600218CC9 /* Main.storyboard */; };
		AAD8D8E51BAB44F600218CC9 /* Receipts__.xcdatamodeld in Sources */ = {isa = PBXBuildFile; fileRef = AAD8D8E31BAB44F600218CC9 /* Receipts__.xcdatamodeld */; };
		AAD8D8E71BAB44F600218CC9 /* Assets.xcassets in Resources */ = {isa = PBXBuildFile; fileRef = AAD8D8E61BAB44F600218CC9 /* Assets.xcassets */; };
		AAD8D8EA1BAB44F600218CC9 /* LaunchScreen.storyboard in Resources */ = {isa = PBXBuildFile; fileRef = AAD8D8E81BAB44F600218CC9 /* LaunchScreen.storyboard */; };
		AAD8D8F51BAB44F600218CC9 /* Receipts__Tests.m in Sources */ = {isa = PBXBuildFile; fileRef = AAD8D8F41BAB44F600218CC9 /* Receipts__Tests.m */; };
		AAD8D9001BAB44F600218CC9 /* Receipts__UITests.m in Sources */ = {isa = PBXBuildFile; fileRef = AAD8D8FF1BAB44F600218CC9 /* Receipts__UITests.m */; };
/* End PBXBuildFile section */

/* Begin PBXContainerItemProxy section */
		AAD8D8F11BAB44F600218CC9 /* PBXContainerItemProxy */ = {
			isa = PBXContainerItemProxy;
			containerPortal = AAD8D8CC1BAB44F500218CC9 /* Project object */;
			proxyType = 1;
			remoteGlobalIDString = AAD8D8D31BAB44F600218CC9;
			remoteInfo = "Receipts++";
		};
		AAD8D8FC1BAB44F600218CC9 /* PBXContainerItemProxy */ = {
			isa = PBXContainerItemProxy;
			containerPortal = AAD8D8CC1BAB44F500218CC9 /* Project object */;
			proxyType = 1;
			remoteGlobalIDString = AAD8D8D31BAB44F600218CC9;
			remoteInfo = "Receipts++";
		};
/* End PBXContainerItemProxy section */

/* Begin PBXFileReference section */
		AAD8D8D41BAB44F600218CC9 /* Receipts++.app */ = {isa = PBXFileReference; explicitFileType = wrapper.application; includeInIndex = 0; path = "Receipts++.app"; sourceTree = BUILT_PRODUCTS_DIR; };
		AAD8D8D81BAB44F600218CC9 /* main.m */ = {isa = PBXFileReference; lastKnownFileType = sourcecode.c.objc; path = main.m; sourceTree = "<group>"; };
		AAD8D8DA1BAB44F600218CC9 /* AppDelegate.h */ = {isa = PBXFileReference; lastKnownFileType = sourcecode.c.h; path = AppDelegate.h; sourceTree = "<group>"; };
		AAD8D8DB1BAB44F600218CC9 /* AppDelegate.m */ = {isa = PBXFileReference; lastKnownFileType = sourcecode.c.objc; path = AppDelegate.m; sourceTree = "<group>"; };
		AAD8D8DD1BAB44F600218CC9 /* ViewController.h */ = {isa = PBXFileReference; lastKnownFileType = sourcecode.c.h; path = ViewController.h; sourceTree = "<group>"; };
		AAD8D8DE1BAB44F600218CC9 /* ViewController.m */ = {isa = PBXFileReference; lastKnownFileType = sourcecode.c.objc; path = ViewController.m; sourceTree = "<group>"; };
		AAD8D8E11BAB44F600218CC9 /* Base */ = {isa = PBXFileReference; lastKnownFileType = file.storyboard; name = Base; path = Base.lproj/Main.storyboard; sourceTree = "<group>"; };
		AAD8D8E41BAB44F600218CC9 /* Receipts__.xcdatamodel */ = {isa = PBXFileReference; lastKnownFileType = wrapper.xcdatamodel; path = Receipts__.xcdatamodel; sourceTree = "<group>"; };
		AAD8D8E61BAB44F600218CC9 /* Assets.xcassets */ = {isa = PBXFileReference; lastKnownFileType = folder.assetcatalog; path = Assets.xcassets; sourceTree = "<group>"; };
		AAD8D8E91BAB44F600218CC9 /* Base */ = {isa = PBXFileReference; lastKnownFileType = file.storyboard; name = Base; path = Base.lproj/LaunchScreen.storyboard; sourceTree = "<group>"; };
		AAD8D8EB1BAB44F600218CC9 /* Info.plist */ = {isa = PBXFileReference; lastKnownFileType = text.plist.xml; path = Info.plist; sourceTree = "<group>"; };
		AAD8D8F01BAB44F600218CC9 /* Receipts++Tests.xctest */ = {isa = PBXFileReference; explicitFileType = wrapper.cfbundle; includeInIndex = 0; path = "Receipts++Tests.xctest"; sourceTree = BUILT_PRODUCTS_DIR; };
		AAD8D8F41BAB44F600218CC9 /* Receipts__Tests.m */ = {isa = PBXFileReference; lastKnownFileType = sourcecode.c.objc; path = Receipts__Tests.m; sourceTree = "<group>"; };
		AAD8D8F61BAB44F600218CC9 /* Info.plist */ = {isa = PBXFileReference; lastKnownFileType = text.plist.xml; path = Info.plist; sourceTree = "<group>"; };
		AAD8D8FB1BAB44F600218CC9 /* Receipts++UITests.xctest */ = {isa = PBXFileReference; explicitFileType = wrapper.cfbundle; includeInIndex = 0; path = "Receipts++UITests.xctest"; sourceTree = BUILT_PRODUCTS_DIR; };
		AAD8D8FF1BAB44F600218CC9 /* Receipts__UITests.m */ = {isa = PBXFileReference; lastKnownFileType = sourcecode.c.objc; path = Receipts__UITests.m; sourceTree = "<group>"; };
		AAD8D9011BAB44F600218CC9 /* Info.plist */ = {isa = PBXFileReference; lastKnownFileType = text.plist.xml; path = Info.plist; sourceTree = "<group>"; };
/* End PBXFileReference section */

/* Begin PBXFrameworksBuildPhase section */
		AAD8D8D11BAB44F600218CC9 /* Frameworks */ = {
			isa = PBXFrameworksBuildPhase;
			buildActionMask = 2147483647;
			files = (
			);
			runOnlyForDeploymentPostprocessing = 0;
		};
		AAD8D8ED1BAB44F600218CC9 /* Frameworks */ = {
			isa = PBXFrameworksBuildPhase;
			buildActionMask = 2147483647;
			files = (
			);
			runOnlyForDeploymentPostprocessing = 0;
		};
		AAD8D8F81BAB44F600218CC9 /* Frameworks */ = {
			isa = PBXFrameworksBuildPhase;
			buildActionMask = 2147483647;
			files = (
			);
			runOnlyForDeploymentPostprocessing = 0;
		};
/* End PBXFrameworksBuildPhase section */

/* Begin PBXGroup section */
		AAD8D8CB1BAB44F500218CC9 = {
			isa = PBXGroup;
			children = (
				AAD8D8D61BAB44F600218CC9 /* Receipts++ */,
				AAD8D8F31BAB44F600218CC9 /* Receipts++Tests */,
				AAD8D8FE1BAB44F600218CC9 /* Receipts++UITests */,
				AAD8D8D51BAB44F600218CC9 /* Products */,
			);
			sourceTree = "<group>";
		};
		AAD8D8D51BAB44F600218CC9 /* Products */ = {
			isa = PBXGroup;
			children = (
				AAD8D8D41BAB44F600218CC9 /* Receipts++.app */,
				AAD8D8F01BAB44F600218CC9 /* Receipts++Tests.xctest */,
				AAD8D8FB1BAB44F600218CC9 /* Receipts++UITests.xctest */,
			);
			name = Products;
			sourceTree = "<group>";
		};
		AAD8D8D61BAB44F600218CC9 /* Receipts++ */ = {
			isa = PBXGroup;
			children = (
				AAD8D8DA1BAB44F600218CC9 /* AppDelegate.h */,
				AAD8D8DB1BAB44F600218CC9 /* AppDelegate.m */,
				AAD8D8DD1BAB44F600218CC9 /* ViewController.h */,
				AAD8D8DE1BAB44F600218CC9 /* ViewController.m */,
				AAD8D8E01BAB44F600218CC9 /* Main.storyboard */,
				AAD8D8E61BAB44F600218CC9 /* Assets.xcassets */,
				AAD8D8E81BAB44F600218CC9 /* LaunchScreen.storyboard */,
				AAD8D8EB1BAB44F600218CC9 /* Info.plist */,
				AAD8D8E31BAB44F600218CC9 /* Receipts__.xcdatamodeld */,
				AAD8D8D71BAB44F600218CC9 /* Supporting Files */,
			);
			path = "Receipts++";
			sourceTree = "<group>";
		};
		AAD8D8D71BAB44F600218CC9 /* Supporting Files */ = {
			isa = PBXGroup;
			children = (
				AAD8D8D81BAB44F600218CC9 /* main.m */,
			);
			name = "Supporting Files";
			sourceTree = "<group>";
		};
		AAD8D8F31BAB44F600218CC9 /* Receipts++Tests */ = {
			isa = PBXGroup;
			children = (
				AAD8D8F41BAB44F600218CC9 /* Receipts__Tests.m */,
				AAD8D8F61BAB44F600218CC9 /* Info.plist */,
			);
			path = "Receipts++Tests";
			sourceTree = "<group>";
		};
		AAD8D8FE1BAB44F600218CC9 /* Receipts++UITests */ = {
			isa = PBXGroup;
			children = (
				AAD8D8FF1BAB44F600218CC9 /* Receipts__UITests.m */,
				AAD8D9011BAB44F600218CC9 /* Info.plist */,
			);
			path = "Receipts++UITests";
			sourceTree = "<group>";
		};
/* End PBXGroup section */

/* Begin PBXNativeTarget section */
		AAD8D8D31BAB44F600218CC9 /* Receipts++ */ = {
			isa = PBXNativeTarget;
			buildConfigurationList = AAD8D9041BAB44F600218CC9 /* Build configuration list for PBXNativeTarget "Receipts++" */;
			buildPhases = (
				AAD8D8D01BAB44F600218CC9 /* Sources */,
				AAD8D8D11BAB44F600218CC9 /* Frameworks */,
				AAD8D8D21BAB44F600218CC9 /* Resources */,
			);
			buildRules = (
			);
			dependencies = (
			);
			name = "Receipts++";
			productName = "Receipts++";
			productReference = AAD8D8D41BAB44F600218CC9 /* Receipts++.app */;
			productType = "com.apple.product-type.application";
		};
		AAD8D8EF1BAB44F600218CC9 /* Receipts++Tests */ = {
			isa = PBXNativeTarget;
			buildConfigurationList = AAD8D9071BAB44F600218CC9 /* Build configuration list for PBXNativeTarget "Receipts++Tests" */;
			buildPhases = (
				AAD8D8EC1BAB44F600218CC9 /* Sources */,
				AAD8D8ED1BAB44F600218CC9 /* Frameworks */,
				AAD8D8EE1BAB44F600218CC9 /* Resources */,
			);
			buildRules = (
			);
			dependencies = (
				AAD8D8F21BAB44F600218CC9 /* PBXTargetDependency */,
			);
			name = "Receipts++Tests";
			productName = "Receipts++Tests";
			productReference = AAD8D8F01BAB44F600218CC9 /* Receipts++Tests.xctest */;
			productType = "com.apple.product-type.bundle.unit-test";
		};
		AAD8D8FA1BAB44F600218CC9 /* Receipts++UITests */ = {
			isa = PBXNativeTarget;
			buildConfigurationList = AAD8D90A1BAB44F600218CC9 /* Build configuration list for PBXNativeTarget "Receipts++UITests" */;
			buildPhases = (
				AAD8D8F71BAB44F600218CC9 /* Sources */,
				AAD8D8F81BAB44F600218CC9 /* Frameworks */,
				AAD8D8F91BAB44F600218CC9 /* Resources */,
			);
			buildRules = (
			);
			dependencies = (
				AAD8D8FD1BAB44F600218CC9 /* PBXTargetDependency */,
			);
			name = "Receipts++UITests";
			productName = "Receipts++UITests";
			productReference = AAD8D8FB1BAB44F600218CC9 /* Receipts++UITests.xctest */;
			productType = "com.apple.product-type.bundle.ui-testing";
		};
/* End PBXNativeTarget section */

/* Begin PBXProject section */
		AAD8D8CC1BAB44F500218CC9 /* Project object */ = {
			isa = PBXProject;
			attributes = {
				LastUpgradeCheck = 0700;
				ORGANIZATIONNAME = KatieExpatriated;
				TargetAttributes = {
					AAD8D8D31BAB44F600218CC9 = {
						CreatedOnToolsVersion = 7.0;
					};
					AAD8D8EF1BAB44F600218CC9 = {
						CreatedOnToolsVersion = 7.0;
						TestTargetID = AAD8D8D31BAB44F600218CC9;
					};
					AAD8D8FA1BAB44F600218CC9 = {
						CreatedOnToolsVersion = 7.0;
						TestTargetID = AAD8D8D31BAB44F600218CC9;
					};
				};
			};
			buildConfigurationList = AAD8D8CF1BAB44F500218CC9 /* Build configuration list for PBXProject "Receipts++" */;
			compatibilityVersion = "Xcode 3.2";
			developmentRegion = English;
			hasScannedForEncodings = 0;
			knownRegions = (
				en,
				Base,
			);
			mainGroup = AAD8D8CB1BAB44F500218CC9;
			productRefGroup = AAD8D8D51BAB44F600218CC9 /* Products */;
			projectDirPath = "";
			projectRoot = "";
			targets = (
				AAD8D8D31BAB44F600218CC9 /* Receipts++ */,
				AAD8D8EF1BAB44F600218CC9 /* Receipts++Tests */,
				AAD8D8FA1BAB44F600218CC9 /* Receipts++UITests */,
			);
		};
/* End PBXProject section */

/* Begin PBXResourcesBuildPhase section */
		AAD8D8D21BAB44F600218CC9 /* Resources */ = {
			isa = PBXResourcesBuildPhase;
			buildActionMask = 2147483647;
			files = (
				AAD8D8EA1BAB44F600218CC9 /* LaunchScreen.storyboard in Resources */,
				AAD8D8E71BAB44F600218CC9 /* Assets.xcassets in Resources */,
				AAD8D8E21BAB44F600218CC9 /* Main.storyboard in Resources */,
			);
			runOnlyForDeploymentPostprocessing = 0;
		};
		AAD8D8EE1BAB44F600218CC9 /* Resources */ = {
			isa = PBXResourcesBuildPhase;
			buildActionMask = 2147483647;
			files = (
			);
			runOnlyForDeploymentPostprocessing = 0;
		};
		AAD8D8F91BAB44F600218CC9 /* Resources */ = {
			isa = PBXResourcesBuildPhase;
			buildActionMask = 2147483647;
			files = (
			);
			runOnlyForDeploymentPostprocessing = 0;
		};
/* End PBXResourcesBuildPhase section */

/* Begin PBXSourcesBuildPhase section */
		AAD8D8D01BAB44F600218CC9 /* Sources */ = {
			isa = PBXSourcesBuildPhase;
			buildActionMask = 2147483647;
			files = (
				AAD8D8E51BAB44F600218CC9 /* Receipts__.xcdatamodeld in Sources */,
				AAD8D8DF1BAB44F600218CC9 /* ViewController.m in Sources */,
				AAD8D8DC1BAB44F600218CC9 /* AppDelegate.m in Sources */,
				AAD8D8D91BAB44F600218CC9 /* main.m in Sources */,
			);
			runOnlyForDeploymentPostprocessing = 0;
		};
		AAD8D8EC1BAB44F600218CC9 /* Sources */ = {
			isa = PBXSourcesBuildPhase;
			buildActionMask = 2147483647;
			files = (
				AAD8D8F51BAB44F600218CC9 /* Receipts__Tests.m in Sources */,
			);
			runOnlyForDeploymentPostprocessing = 0;
		};
		AAD8D8F71BAB44F600218CC9 /* Sources */ = {
			isa = PBXSourcesBuildPhase;
			buildActionMask = 2147483647;
			files = (
				AAD8D9001BAB44F600218CC9 /* Receipts__UITests.m in Sources */,
			);
			runOnlyForDeploymentPostprocessing = 0;
		};
/* End PBXSourcesBuildPhase section */

/* Begin PBXTargetDependency section */
		AAD8D8F21BAB44F600218CC9 /* PBXTargetDependency */ = {
			isa = PBXTargetDependency;
			target = AAD8D8D31BAB44F600218CC9 /* Receipts++ */;
			targetProxy = AAD8D8F11BAB44F600218CC9 /* PBXContainerItemProxy */;
		};
		AAD8D8FD1BAB44F600218CC9 /* PBXTargetDependency */ = {
			isa = PBXTargetDependency;
			target = AAD8D8D31BAB44F600218CC9 /* Receipts++ */;
			targetProxy = AAD8D8FC1BAB44F600218CC9 /* PBXContainerItemProxy */;
		};
/* End PBXTargetDependency section */

/* Begin PBXVariantGroup section */
		AAD8D8E01BAB44F600218CC9 /* Main.storyboard */ = {
			isa = PBXVariantGroup;
			children = (
				AAD8D8E11BAB44F600218CC9 /* Base */,
			);
			name = Main.storyboard;
			sourceTree = "<group>";
		};
		AAD8D8E81BAB44F600218CC9 /* LaunchScreen.storyboard */ = {
			isa = PBXVariantGroup;
			children = (
				AAD8D8E91BAB44F600218CC9 /* Base */,
			);
			name = LaunchScreen.storyboard;
			sourceTree = "<group>";
		};
/* End PBXVariantGroup section */

/* Begin XCBuildConfiguration section */
		AAD8D9021BAB44F600218CC9 /* Debug */ = {
			isa = XCBuildConfiguration;
			buildSettings = {
				ALWAYS_SEARCH_USER_PATHS = NO;
				CLANG_CXX_LANGUAGE_STANDARD = "gnu++0x";
				CLANG_CXX_LIBRARY = "libc++";
				CLANG_ENABLE_MODULES = YES;
				CLANG_ENABLE_OBJC_ARC = YES;
				CLANG_WARN_BOOL_CONVERSION = YES;
				CLANG_WARN_CONSTANT_CONVERSION = YES;
				CLANG_WARN_DIRECT_OBJC_ISA_USAGE = YES_ERROR;
				CLANG_WARN_EMPTY_BODY = YES;
				CLANG_WARN_ENUM_CONVERSION = YES;
				CLANG_WARN_INT_CONVERSION = YES;
				CLANG_WARN_OBJC_ROOT_CLASS = YES_ERROR;
				CLANG_WARN_UNREACHABLE_CODE = YES;
				CLANG_WARN__DUPLICATE_METHOD_MATCH = YES;
				"CODE_SIGN_IDENTITY[sdk=iphoneos*]" = "iPhone Developer";
				COPY_PHASE_STRIP = NO;
				DEBUG_INFORMATION_FORMAT = dwarf;
				ENABLE_STRICT_OBJC_MSGSEND = YES;
				ENABLE_TESTABILITY = YES;
				GCC_C_LANGUAGE_STANDARD = gnu99;
				GCC_DYNAMIC_NO_PIC = NO;
				GCC_NO_COMMON_BLOCKS = YES;
				GCC_OPTIMIZATION_LEVEL = 0;
				GCC_PREPROCESSOR_DEFINITIONS = (
					"DEBUG=1",
					"$(inherited)",
				);
				GCC_WARN_64_TO_32_BIT_CONVERSION = YES;
				GCC_WARN_ABOUT_RETURN_TYPE = YES_ERROR;
				GCC_WARN_UNDECLARED_SELECTOR = YES;
				GCC_WARN_UNINITIALIZED_AUTOS = YES_AGGRESSIVE;
				GCC_WARN_UNUSED_FUNCTION = YES;
				GCC_WARN_UNUSED_VARIABLE = YES;
				IPHONEOS_DEPLOYMENT_TARGET = 9.0;
				MTL_ENABLE_DEBUG_INFO = YES;
				ONLY_ACTIVE_ARCH = YES;
				SDKROOT = iphoneos;
			};
			name = Debug;
		};
		AAD8D9031BAB44F600218CC9 /* Release */ = {
			isa = XCBuildConfiguration;
			buildSettings = {
				ALWAYS_SEARCH_USER_PATHS = NO;
				CLANG_CXX_LANGUAGE_STANDARD = "gnu++0x";
				CLANG_CXX_LIBRARY = "libc++";
				CLANG_ENABLE_MODULES = YES;
				CLANG_ENABLE_OBJC_ARC = YES;
				CLANG_WARN_BOOL_CONVERSION = YES;
				CLANG_WARN_CONSTANT_CONVERSION = YES;
				CLANG_WARN_DIRECT_OBJC_ISA_USAGE = YES_ERROR;
				CLANG_WARN_EMPTY_BODY = YES;
				CLANG_WARN_ENUM_CONVERSION = YES;
				CLANG_WARN_INT_CONVERSION = YES;
				CLANG_WARN_OBJC_ROOT_CLASS = YES_ERROR;
				CLANG_WARN_UNREACHABLE_CODE = YES;
				CLANG_WARN__DUPLICATE_METHOD_MATCH = YES;
				"CODE_SIGN_IDENTITY[sdk=iphoneos*]" = "iPhone Developer";
				COPY_PHASE_STRIP = NO;
				DEBUG_INFORMATION_FORMAT = "dwarf-with-dsym";
				ENABLE_NS_ASSERTIONS = NO;
				ENABLE_STRICT_OBJC_MSGSEND = YES;
				GCC_C_LANGUAGE_STANDARD = gnu99;
				GCC_NO_COMMON_BLOCKS = YES;
				GCC_WARN_64_TO_32_BIT_CONVERSION = YES;
				GCC_WARN_ABOUT_RETURN_TYPE = YES_ERROR;
				GCC_WARN_UNDECLARED_SELECTOR = YES;
				GCC_WARN_UNINITIALIZED_AUTOS = YES_AGGRESSIVE;
				GCC_WARN_UNUSED_FUNCTION = YES;
				GCC_WARN_UNUSED_VARIABLE = YES;
				IPHONEOS_DEPLOYMENT_TARGET = 9.0;
				MTL_ENABLE_DEBUG_INFO = NO;
				SDKROOT = iphoneos;
				VALIDATE_PRODUCT = YES;
			};
			name = Release;
		};
		AAD8D9051BAB44F600218CC9 /* Debug */ = {
			isa = XCBuildConfiguration;
			buildSettings = {
				ASSETCATALOG_COMPILER_APPICON_NAME = AppIcon;
				INFOPLIST_FILE = "Receipts++/Info.plist";
				LD_RUNPATH_SEARCH_PATHS = "$(inherited) @executable_path/Frameworks";
				PRODUCT_BUNDLE_IDENTIFIER = "com.wordpress.katieexpatriated.Receipts--";
				PRODUCT_NAME = "$(TARGET_NAME)";
			};
			name = Debug;
		};
		AAD8D9061BAB44F600218CC9 /* Release */ = {
			isa = XCBuildConfiguration;
			buildSettings = {
				ASSETCATALOG_COMPILER_APPICON_NAME = AppIcon;
				INFOPLIST_FILE = "Receipts++/Info.plist";
				LD_RUNPATH_SEARCH_PATHS = "$(inherited) @executable_path/Frameworks";
				PRODUCT_BUNDLE_IDENTIFIER = "com.wordpress.katieexpatriated.Receipts--";
				PRODUCT_NAME = "$(TARGET_NAME)";
			};
			name = Release;
		};
		AAD8D9081BAB44F600218CC9 /* Debug */ = {
			isa = XCBuildConfiguration;
			buildSettings = {
				BUNDLE_LOADER = "$(TEST_HOST)";
				INFOPLIST_FILE = "Receipts++Tests/Info.plist";
				LD_RUNPATH_SEARCH_PATHS = "$(inherited) @executable_path/Frameworks @loader_path/Frameworks";
				PRODUCT_BUNDLE_IDENTIFIER = "com.wordpress.katieexpatriated.Receipts--Tests";
				PRODUCT_NAME = "$(TARGET_NAME)";
				TEST_HOST = "$(BUILT_PRODUCTS_DIR)/Receipts++.app/Receipts++";
			};
			name = Debug;
		};
		AAD8D9091BAB44F600218CC9 /* Release */ = {
			isa = XCBuildConfiguration;
			buildSettings = {
				BUNDLE_LOADER = "$(TEST_HOST)";
				INFOPLIST_FILE = "Receipts++Tests/Info.plist";
				LD_RUNPATH_SEARCH_PATHS = "$(inherited) @executable_path/Frameworks @loader_path/Frameworks";
				PRODUCT_BUNDLE_IDENTIFIER = "com.wordpress.katieexpatriated.Receipts--Tests";
				PRODUCT_NAME = "$(TARGET_NAME)";
				TEST_HOST = "$(BUILT_PRODUCTS_DIR)/Receipts++.app/Receipts++";
			};
			name = Release;
		};
		AAD8D90B1BAB44F600218CC9 /* Debug */ = {
			isa = XCBuildConfiguration;
			buildSettings = {
				INFOPLIST_FILE = "Receipts++UITests/Info.plist";
				LD_RUNPATH_SEARCH_PATHS = "$(inherited) @executable_path/Frameworks @loader_path/Frameworks";
				PRODUCT_BUNDLE_IDENTIFIER = "com.wordpress.katieexpatriated.Receipts--UITests";
				PRODUCT_NAME = "$(TARGET_NAME)";
				TEST_TARGET_NAME = "Receipts++";
				USES_XCTRUNNER = YES;
			};
			name = Debug;
		};
		AAD8D90C1BAB44F600218CC9 /* Release */ = {
			isa = XCBuildConfiguration;
			buildSettings = {
				INFOPLIST_FILE = "Receipts++UITests/Info.plist";
				LD_RUNPATH_SEARCH_PATHS = "$(inherited) @executable_path/Frameworks @loader_path/Frameworks";
				PRODUCT_BUNDLE_IDENTIFIER = "com.wordpress.katieexpatriated.Receipts--UITests";
				PRODUCT_NAME = "$(TARGET_NAME)";
				TEST_TARGET_NAME = "Receipts++";
				USES_XCTRUNNER = YES;
			};
			name = Release;
		};
/* End XCBuildConfiguration section */

/* Begin XCConfigurationList section */
		AAD8D8CF1BAB44F500218CC9 /* Build configuration list for PBXProject "Receipts++" */ = {
			isa = XCConfigurationList;
			buildConfigurations = (
				AAD8D9021BAB44F600218CC9 /* Debug */,
				AAD8D9031BAB44F600218CC9 /* Release */,
			);
			defaultConfigurationIsVisible = 0;
			defaultConfigurationName = Release;
		};
		AAD8D9041BAB44F600218CC9 /* Build configuration list for PBXNativeTarget "Receipts++" */ = {
			isa = XCConfigurationList;
			buildConfigurations = (
				AAD8D9051BAB44F600218CC9 /* Debug */,
				AAD8D9061BAB44F600218CC9 /* Release */,
			);
			defaultConfigurationIsVisible = 0;
		};
		AAD8D9071BAB44F600218CC9 /* Build configuration list for PBXNativeTarget "Receipts++Tests" */ = {
			isa = XCConfigurationList;
			buildConfigurations = (
				AAD8D9081BAB44F600218CC9 /* Debug */,
				AAD8D9091BAB44F600218CC9 /* Release */,
			);
			defaultConfigurationIsVisible = 0;
		};
		AAD8D90A1BAB44F600218CC9 /* Build configuration list for PBXNativeTarget "Receipts++UITests" */ = {
			isa = XCConfigurationList;
			buildConfigurations = (
				AAD8D90B1BAB44F600218CC9 /* Debug */,
				AAD8D90C1BAB44F600218CC9 /* Release */,
			);
			defaultConfigurationIsVisible = 0;
		};
/* End XCConfigurationList section */

/* Begin XCVersionGroup section */
		AAD8D8E31BAB44F600218CC9 /* Receipts__.xcdatamodeld */ = {
			isa = XCVersionGroup;
			children = (
				AAD8D8E41BAB44F600218CC9 /* Receipts__.xcdatamodel */,
			);
			currentVersion = AAD8D8E41BAB44F600218CC9 /* Receipts__.xcdatamodel */;
			path = Receipts__.xcdatamodeld;
			sourceTree = "<group>";
			versionGroupType = wrapper.xcdatamodel;
		};
/* End XCVersionGroup section */
	};
	rootObject = AAD8D8CC1BAB44F500218CC9 /* Project object */;
}
